github.com/awalterschulze/gographviz v2.0.1+incompatible h1:XIECBRq9VPEQqkQL5pw2OtjCAdrtIgFKoJU8eT98AS8=
github.com/awalterschulze/gographviz v2.0.1+incompatible/go.mod h1:GEV5wmg4YquNw7v1kkyoX9etIk8yVmXj+AkDHuuETHs=
github.com/imdario/go-ulid v0.0.0-20180116185620-aeb52bf96595 h1:8MKHx/6AMMFGslqvr37RF7zktr3eJmY1z2FKdq3Zo/o=
github.com/imdario/go-ulid v0.0.0-20180116185620-aeb52bf96595/go.mod h1:ugPCasYVpR6Cf8xlF0vkZdVKntj7zTgo9pLR4Si7Boo=
github.com/pkg/errors v0.9.1 h1:FEBLx1zS214owpjy7qsBeixbURkuhQAwrK5UwLGTwt4=
github.com/pkg/errors v0.9.1/go.mod h1:bwawxfHBFNV+L2hUp1rHADufV3IMtnDRdf1r5NINEl0=
github.com/scgolang/osc v0.11.1 h1:o2+nXrQrlyEAoFcgZ2zk6p5iI6ht+NgiSKaGQBpvWbU=
github.com/scgolang/osc v0.11.1/go.mod h1:fu5QITvJ5w2pzKXJBmyVTF89ZycPN4bS4cOHJErpR2A=
github.com/scgolang/sc v0.1.3 h1:0ec1Pdaxclb2Q+nTgl2p9SN/x59yTfwAX1YDdXAlnyM=
github.com/scgolang/sc v0.1.3/go.mod h1:2uGT+WSAoZ/yirST0/KxJjE//PjMs6jTBHH9/R2tUaw=
